
Microsoft Visual Studio Solution File, Format Version 12.00
# Visual Studio Version 16
VisualStudioVersion = 16.0.31424.327
MinimumVisualStudioVersion = 10.0.40219.1
Project("{FAE04EC0-301F-11D3-BF4B-00C04F79EFBC}") = "UpdateReloadPWA.Server", "UpdateReloadPWA\Server\UpdateReloadPWA.Server.csproj", "{347A1018-C585-4AE6-AD44-F939BFB7EE0F}"
EndProject
Project("{FAE04EC0-301F-11D3-BF4B-00C04F79EFBC}") = "UpdateReloadPWA.Client", "UpdateReloadPWA\Client\UpdateReloadPWA.Client.csproj", "{2A78BFA4-1DA3-4B9B-85D9-BECD19B17D41}"
EndProject
Project("{FAE04EC0-301F-11D3-BF4B-00C04F79EFBC}") = "UpdateReloadPWA.Shared", "UpdateReloadPWA\Shared\UpdateReloadPWA.Shared.csproj", "{C371DDDB-94DD-4A77-9E15-D8F0B10D5FE8}"
EndProject
Global
	GlobalSection(SolutionConfigurationPlatforms) = preSolution
		Debug|Any CPU = Debug|Any CPU
		Release|Any CPU = Release|Any CPU
	EndGlobalSection
	GlobalSection(ProjectConfigurationPlatforms) = postSolution
		{347A1018-C585-4AE6-AD44-F939BFB7EE0F}.Debug|Any CPU.ActiveCfg = Debug|Any CPU
		{347A1018-C585-4AE6-AD44-F939BFB7EE0F}.Debug|Any CPU.Build.0 = Debug|Any CPU
		{347A1018-C585-4AE6-AD44-F939BFB7EE0F}.Release|Any CPU.ActiveCfg = Release|Any CPU
		{347A1018-C585-4AE6-AD44-F939BFB7EE0F}.Release|Any CPU.Build.0 = Release|Any CPU
		{2A78BFA4-1DA3-4B9B-85D9-BECD19B17D41}.Debug|Any CPU.ActiveCfg = Debug|Any CPU
		{2A78BFA4-1DA3-4B9B-85D9-BECD19B17D41}.Debug|Any CPU.Build.0 = Debug|Any CPU
		{2A78BFA4-1DA3-4B9B-85D9-BECD19B17D41}.Release|Any CPU.ActiveCfg = Release|Any CPU
		{2A78BFA4-1DA3-4B9B-85D9-BECD19B17D41}.Release|Any CPU.Build.0 = Release|Any CPU
		{C371DDDB-94DD-4A77-9E15-D8F0B10D5FE8}.Debug|Any CPU.ActiveCfg = Debug|Any CPU
		{C371DDDB-94DD-4A77-9E15-D8F0B10D5FE8}.Debug|Any CPU.Build.0 = Debug|Any CPU
		{C371DDDB-94DD-4A77-9E15-D8F0B10D5FE8}.Release|Any CPU.ActiveCfg = Release|Any CPU
		{C371DDDB-94DD-4A77-9E15-D8F0B10D5FE8}.Release|Any CPU.Build.0 = Release|Any CPU
	EndGlobalSection
	GlobalSection(SolutionProperties) = preSolution
		HideSolutionNode = FALSE
	EndGlobalSection
	GlobalSection(ExtensibilityGlobals) = postSolution
		SolutionGuid = {19B22F6B-5057-41DA-A9F0-8C9F28F7A01B}
	EndGlobalSection
EndGlobal
